{
  "requires": true,
  "lockfileVersion": 1,
  "dependencies": {
    "closure-templates": {
      "version": "20151008.0.0",
      "resolved": "https://registry.npmjs.org/closure-templates/-/closure-templates-20151008.0.0.tgz",
      "integrity": "sha1-8A3qbN3aD33ZVGlOunWVSodKJ1U="
    },
    "nodesoy": {
      "version": "0.0.5",
      "resolved": "https://registry.npmjs.org/nodesoy/-/nodesoy-0.0.5.tgz",
      "integrity": "sha1-E+RTa4xumwbCEMyVUZDp+MjvOX8=",
      "requires": {
        "closure-templates": "^20151008.0.0",
        "q": "1.4.1",
        "unreal-closure-library": "^20150605.0.1"
      }
    },
    "q": {
      "version": "1.4.1",
      "resolved": "https://registry.npmjs.org/q/-/q-1.4.1.tgz",
      "integrity": "sha1-VXBbzZPF82c1MMLCy8DCs63cKG4="
    },
    "unreal-closure-library": {
      "version": "20150605.0.1",
      "resolved": "https://registry.npmjs.org/unreal-closure-library/-/unreal-closure-library-20150605.0.1.tgz",
      "integrity": "sha1-DweSnNYYwlUioEZTHiTQmsGyn6I="
    }
  }
}
